
Microsoft Visual Studio Solution File, Format Version 11.00
# Visual Studio 2010
Project("{FAE04EC0-301F-11D3-BF4B-00C04F79EFBC}") = "Assembly-CSharp", "Assembly-CSharp.csproj", "{EB02694F-FA54-4502-0F78-C3458AA381BF}"
EndProject
Project("{FAE04EC0-301F-11D3-BF4B-00C04F79EFBC}") = "Assembly-CSharp-Editor", "Assembly-CSharp-Editor.csproj", "{0C55217C-1317-B21A-69A9-8B84651ADF6D}"
EndProject
Global
	GlobalSection(SolutionConfigurationPlatforms) = preSolution
		Debug|Any CPU = Debug|Any CPU
		Release|Any CPU = Release|Any CPU
	EndGlobalSection
	GlobalSection(ProjectConfigurationPlatforms) = postSolution
		{EB02694F-FA54-4502-0F78-C3458AA381BF}.Debug|Any CPU.ActiveCfg = Debug|Any CPU
		{EB02694F-FA54-4502-0F78-C3458AA381BF}.Debug|Any CPU.Build.0 = Debug|Any CPU
		{EB02694F-FA54-4502-0F78-C3458AA381BF}.Release|Any CPU.ActiveCfg = Release|Any CPU
		{EB02694F-FA54-4502-0F78-C3458AA381BF}.Release|Any CPU.Build.0 = Release|Any CPU
		{0C55217C-1317-B21A-69A9-8B84651ADF6D}.Debug|Any CPU.ActiveCfg = Debug|Any CPU
		{0C55217C-1317-B21A-69A9-8B84651ADF6D}.Debug|Any CPU.Build.0 = Debug|Any CPU
		{0C55217C-1317-B21A-69A9-8B84651ADF6D}.Release|Any CPU.ActiveCfg = Release|Any CPU
		{0C55217C-1317-B21A-69A9-8B84651ADF6D}.Release|Any CPU.Build.0 = Release|Any CPU
	EndGlobalSection
	GlobalSection(SolutionProperties) = preSolution
		HideSolutionNode = FALSE
	EndGlobalSection
	GlobalSection(MonoDevelopProperties) = preSolution
		StartupItem = Assembly-CSharp.csproj
	EndGlobalSection
EndGlobal
